
Microsoft Visual Studio Solution File, Format Version 12.00
# Visual Studio Version 16
VisualStudioVersion = 16.0.29806.167
MinimumVisualStudioVersion = 10.0.40219.1
Project("{8BC9CEB8-8B4A-11D0-8D11-00A0C91BC942}") = "Proiect1", "Proiect1.vcxproj", "{C461826F-0D64-4902-AC76-1F0F49B74033}"
EndProject
Global
	GlobalSection(SolutionConfigurationPlatforms) = preSolution
		Debug|x64 = Debug|x64
		Debug|x86 = Debug|x86
		Release|x64 = Release|x64
		Release|x86 = Release|x86
	EndGlobalSection
	GlobalSection(ProjectConfigurationPlatforms) = postSolution
		{C461826F-0D64-4902-AC76-1F0F49B74033}.Debug|x64.ActiveCfg = Debug|x64
		{C461826F-0D64-4902-AC76-1F0F49B74033}.Debug|x64.Build.0 = Debug|x64
		{C461826F-0D64-4902-AC76-1F0F49B74033}.Debug|x86.ActiveCfg = Debug|Win32
		{C461826F-0D64-4902-AC76-1F0F49B74033}.Debug|x86.Build.0 = Debug|Win32
		{C461826F-0D64-4902-AC76-1F0F49B74033}.Release|x64.ActiveCfg = Release|x64
		{C461826F-0D64-4902-AC76-1F0F49B74033}.Release|x64.Build.0 = Release|x64
		{C461826F-0D64-4902-AC76-1F0F49B74033}.Release|x86.ActiveCfg = Release|Win32
		{C461826F-0D64-4902-AC76-1F0F49B74033}.Release|x86.Build.0 = Release|Win32
	EndGlobalSection
	GlobalSection(SolutionProperties) = preSolution
		HideSolutionNode = FALSE
	EndGlobalSection
	GlobalSection(ExtensibilityGlobals) = postSolution
		SolutionGuid = {B5E2BCC8-BF78-47CA-850D-04561111C55A}
	EndGlobalSection
EndGlobal
